hash: 4d76d95333364ceae13078e5379e9f4dd8c9301549445362c79b143f22eb13a3
updated: 2018-04-30T11:28:32.596733866-04:00
imports:
- name: github.com/codegangsta/cli
  version: cfb38830724cc34fedffe9a2a29fb54fa9169cd1
- name: github.com/DataDrake/byte-trie
  version: 7d40bab872ac7c8109ff06c25d103424fa696da0
- name: github.com/DataDrake/cli-ng
  version: 893a48a6183e2e7040fefc707487b3e423ffff3e
  subpackages:
  - cmd
  - options
  - translate
- name: github.com/jmoiron/sqlx
  version: 2aeb6a910c2b94f2d5eb53d9895d80e27264ec41
  subpackages:
  - reflectx
- name: github.com/leonelquinteros/gotext
  version: 92b69ffa4cc0895b83b42f50065e9de5a3c32960
- name: github.com/Masterminds/glide
  version: 67790b3dbede72cfdc54aa53be4706322c9499e0
  subpackages:
  - action
  - cache
  - cfg
  - dependency
  - gb
  - godep
  - godep/strip
  - gom
  - gpm
  - importer
  - mirrors
  - msg
  - path
  - repo
  - tree
  - util
- name: github.com/Masterminds/semver
  version: c7af12943936e8c39859482e61f0574c2fd7fc75
- name: github.com/Masterminds/vcs
  version: 6f1c6d150500e452704e9863f68c2559f58616bf
- name: github.com/mattn/go-sqlite3
  version: 6c771bb9887719704b210e87e934f08be014bdb1
- name: github.com/mattn/kinako
  version: 332c0a7e205a29536e672337a4bea6c7a96b04c1
  subpackages:
  - ast
  - parser
  - vm
- name: github.com/mitchellh/go-homedir
  version: b8bc1bf767474819792c23f32d8286a45736f1c6
- name: gopkg.in/yaml.v2
  version: 7f97868eec74b32b0982dd158a51a446d1da7eb5
testImports: []
